
Microsoft Visual Studio Solution File, Format Version 12.00
# Visual Studio Version 17
VisualStudioVersion = 17.2.32516.85
MinimumVisualStudioVersion = 10.0.40219.1
Project("{9A19103F-16F7-4668-BE54-9A1E7A4F7556}") = "Authorization_Microservice", "Authorization_Microservice.csproj", "{24110026-8DD4-4047-903F-3469EE47089D}"
EndProject
Project("{FAE04EC0-301F-11D3-BF4B-00C04F79EFBC}") = "Authorization_Microservices_UnitTests", "..\Authorization_Microservices_UnitTests\Authorization_Microservices_UnitTests.csproj", "{E83682CE-36C0-4B1D-B499-4147AE0012AD}"
EndProject
Global
	GlobalSection(SolutionConfigurationPlatforms) = preSolution
		Debug|Any CPU = Debug|Any CPU
		Release|Any CPU = Release|Any CPU
	EndGlobalSection
	GlobalSection(ProjectConfigurationPlatforms) = postSolution
		{24110026-8DD4-4047-903F-3469EE47089D}.Debug|Any CPU.ActiveCfg = Debug|Any CPU
		{24110026-8DD4-4047-903F-3469EE47089D}.Debug|Any CPU.Build.0 = Debug|Any CPU
		{24110026-8DD4-4047-903F-3469EE47089D}.Release|Any CPU.ActiveCfg = Release|Any CPU
		{24110026-8DD4-4047-903F-3469EE47089D}.Release|Any CPU.Build.0 = Release|Any CPU
		{E83682CE-36C0-4B1D-B499-4147AE0012AD}.Debug|Any CPU.ActiveCfg = Debug|Any CPU
		{E83682CE-36C0-4B1D-B499-4147AE0012AD}.Debug|Any CPU.Build.0 = Debug|Any CPU
		{E83682CE-36C0-4B1D-B499-4147AE0012AD}.Release|Any CPU.ActiveCfg = Release|Any CPU
		{E83682CE-36C0-4B1D-B499-4147AE0012AD}.Release|Any CPU.Build.0 = Release|Any CPU
	EndGlobalSection
	GlobalSection(SolutionProperties) = preSolution
		HideSolutionNode = FALSE
	EndGlobalSection
	GlobalSection(ExtensibilityGlobals) = postSolution
		SolutionGuid = {CF26A340-8BD1-4444-9F17-513A6E659408}
	EndGlobalSection
EndGlobal
